// !$*UTF8*$!
{
	archiveVersion = 1;
	classes = {
	};
	objectVersion = 46;
	objects = {

/* Begin PBXBuildFile section */
		6803FAA51C9FA124009EC9D6 /* UIColor+CustomColor.m in Sources */ = {isa = PBXBuildFile; fileRef = 6803FAA41C9FA124009EC9D6 /* UIColor+CustomColor.m */; };
		686B88731C9E21E500234EC6 /* TicTacToeBoard.m in Sources */ = {isa = PBXBuildFile; fileRef = 686B88721C9E21E500234EC6 /* TicTacToeBoard.m */; };
		686B887B1C9E27EE00234EC6 /* TicTacToeTests.m in Sources */ = {isa = PBXBuildFile; fileRef = 686B887A1C9E27EE00234EC6 /* TicTacToeTests.m */; };
		689276D51CAF523900E3B009 /* AppDelegate.swift in Sources */ = {isa = PBXBuildFile; fileRef = 689276D41CAF523900E3B009 /* AppDelegate.swift */; };
		689276D71CAF523900E3B009 /* GameViewController.swift in Sources */ = {isa = PBXBuildFile; fileRef = 689276D61CAF523900E3B009 /* GameViewController.swift */; };
		689276DA1CAF523900E3B009 /* Main.storyboard in Resources */ = {isa = PBXBuildFile; fileRef = 689276D81CAF523900E3B009 /* Main.storyboard */; };
		689276DC1CAF523900E3B009 /* Assets.xcassets in Resources */ = {isa = PBXBuildFile; fileRef = 689276DB1CAF523900E3B009 /* Assets.xcassets */; };
		689276DF1CAF523900E3B009 /* LaunchScreen.storyboard in Resources */ = {isa = PBXBuildFile; fileRef = 689276DD1CAF523900E3B009 /* LaunchScreen.storyboard */; };
		689276EF1CAF53F100E3B009 /* TicTacToeBoard.m in Sources */ = {isa = PBXBuildFile; fileRef = 686B88721C9E21E500234EC6 /* TicTacToeBoard.m */; };
		68C99E591CAF63ED00CEFDE8 /* Assets.xcassets in Resources */ = {isa = PBXBuildFile; fileRef = A6BD1BF81C9B3AE000EC899A /* Assets.xcassets */; };
		68C99E5A1CAF63F300CEFDE8 /* Assets.xcassets in Resources */ = {isa = PBXBuildFile; fileRef = A6BD1BF81C9B3AE000EC899A /* Assets.xcassets */; };
		68DB8DD11C9F4012003F58D6 /* WebViewController.m in Sources */ = {isa = PBXBuildFile; fileRef = 68DB8DD01C9F4012003F58D6 /* WebViewController.m */; };
		A6BD1BEE1C9B3AE000EC899A /* main.m in Sources */ = {isa = PBXBuildFile; fileRef = A6BD1BED1C9B3AE000EC899A /* main.m */; };
		A6BD1BF11C9B3AE000EC899A /* AppDelegate.m in Sources */ = {isa = PBXBuildFile; fileRef = A6BD1BF01C9B3AE000EC899A /* AppDelegate.m */; };
		A6BD1BF41C9B3AE000EC899A /* GameViewController.m in Sources */ = {isa = PBXBuildFile; fileRef = A6BD1BF31C9B3AE000EC899A /* GameViewController.m */; };
		A6BD1BF71C9B3AE000EC899A /* Main.storyboard in Resources */ = {isa = PBXBuildFile; fileRef = A6BD1BF51C9B3AE000EC899A /* Main.storyboard */; };
		A6BD1BFC1C9B3AE000EC899A /* LaunchScreen.storyboard in Resources */ = {isa = PBXBuildFile; fileRef = A6BD1BFA1C9B3AE000EC899A /* LaunchScreen.storyboard */; };
/* End PBXBuildFile section */

/* Begin PBXContainerItemProxy section */
		686B887D1C9E27EE00234EC6 /* PBXContainerItemProxy */ = {
			isa = PBXContainerItemProxy;
			containerPortal = A6BD1BE11C9B3AE000EC899A /* Project object */;
			proxyType = 1;
			remoteGlobalIDString = A6BD1BE81C9B3AE000EC899A;
			remoteInfo = TicTacToe;
		};
/* End PBXContainerItemProxy section */

/* Begin PBXFileReference section */
		6803FAA31C9FA124009EC9D6 /* UIColor+CustomColor.h */ = {isa = PBXFileReference; fileEncoding = 4; lastKnownFileType = sourcecode.c.h; path = "UIColor+CustomColor.h"; sourceTree = "<group>"; };
		6803FAA41C9FA124009EC9D6 /* UIColor+CustomColor.m */ = {isa = PBXFileReference; fileEncoding = 4; lastKnownFileType = sourcecode.c.objc; path = "UIColor+CustomColor.m"; sourceTree = "<group>"; };
		686B88711C9E21E500234EC6 /* TicTacToeBoard.h */ = {isa = PBXFileReference; fileEncoding = 4; lastKnownFileType = sourcecode.c.h; path = TicTacToeBoard.h; sourceTree = "<group>"; };
		686B88721C9E21E500234EC6 /* TicTacToeBoard.m */ = {isa = PBXFileReference; fileEncoding = 4; lastKnownFileType = sourcecode.c.objc; path = TicTacToeBoard.m; sourceTree = "<group>"; };
		686B88781C9E27ED00234EC6 /* TicTacToeTests.xctest */ = {isa = PBXFileReference; explicitFileType = wrapper.cfbundle; includeInIndex = 0; path = TicTacToeTests.xctest; sourceTree = BUILT_PRODUCTS_DIR; };
		686B887A1C9E27EE00234EC6 /* TicTacToeTests.m */ = {isa = PBXFileReference; lastKnownFileType = sourcecode.c.objc; path = TicTacToeTests.m; sourceTree = "<group>"; };
		686B887C1C9E27EE00234EC6 /* Info.plist */ = {isa = PBXFileReference; lastKnownFileType = text.plist.xml; path = Info.plist; sourceTree = "<group>"; };
		689276D21CAF523900E3B009 /* TicTacToeSwift.app */ = {isa = PBXFileReference; explicitFileType = wrapper.application; includeInIndex = 0; path = TicTacToeSwift.app; sourceTree = BUILT_PRODUCTS_DIR; };
		689276D41CAF523900E3B009 /* AppDelegate.swift */ = {isa = PBXFileReference; lastKnownFileType = sourcecode.swift; path = AppDelegate.swift; sourceTree = "<group>"; };
		689276D61CAF523900E3B009 /* GameViewController.swift */ = {isa = PBXFileReference; lastKnownFileType = sourcecode.swift; path = GameViewController.swift; sourceTree = "<group>"; };
		689276D91CAF523900E3B009 /* Base */ = {isa = PBXFileReference; lastKnownFileType = file.storyboard; name = Base; path = Base.lproj/Main.storyboard; sourceTree = "<group>"; };
		689276DB1CAF523900E3B009 /* Assets.xcassets */ = {isa = PBXFileReference; lastKnownFileType = folder.assetcatalog; path = Assets.xcassets; sourceTree = "<group>"; };
		689276DE1CAF523900E3B009 /* Base */ = {isa = PBXFileReference; lastKnownFileType = file.storyboard; name = Base; path = Base.lproj/LaunchScreen.storyboard; sourceTree = "<group>"; };
		689276E01CAF523900E3B009 /* Info.plist */ = {isa = PBXFileReference; lastKnownFileType = text.plist.xml; path = Info.plist; sourceTree = "<group>"; };
		68C99E581CAF609100CEFDE8 /* TicTacToe-Bridging-Header.h */ = {isa = PBXFileReference; lastKnownFileType = sourcecode.c.h; path = "TicTacToe-Bridging-Header.h"; sourceTree = "<group>"; };
		68DB8DCF1C9F4012003F58D6 /* WebViewController.h */ = {isa = PBXFileReference; fileEncoding = 4; lastKnownFileType = sourcecode.c.h; path = WebViewController.h; sourceTree = "<group>"; };
		68DB8DD01C9F4012003F58D6 /* WebViewController.m */ = {isa = PBXFileReference; fileEncoding = 4; lastKnownFileType = sourcecode.c.objc; path = WebViewController.m; sourceTree = "<group>"; };
		A6BD1BE91C9B3AE000EC899A /* TicTacToe.app */ = {isa = PBXFileReference; explicitFileType = wrapper.application; includeInIndex = 0; path = TicTacToe.app; sourceTree = BUILT_PRODUCTS_DIR; };
		A6BD1BED1C9B3AE000EC899A /* main.m */ = {isa = PBXFileReference; lastKnownFileType = sourcecode.c.objc; path = main.m; sourceTree = "<group>"; };
		A6BD1BEF1C9B3AE000EC899A /* AppDelegate.h */ = {isa = PBXFileReference; lastKnownFileType = sourcecode.c.h; path = AppDelegate.h; sourceTree = "<group>"; };
		A6BD1BF01C9B3AE000EC899A /* AppDelegate.m */ = {isa = PBXFileReference; lastKnownFileType = sourcecode.c.objc; path = AppDelegate.m; sourceTree = "<group>"; };
		A6BD1BF21C9B3AE000EC899A /* GameViewController.h */ = {isa = PBXFileReference; lastKnownFileType = sourcecode.c.h; path = GameViewController.h; sourceTree = "<group>"; };
		A6BD1BF31C9B3AE000EC899A /* GameViewController.m */ = {isa = PBXFileReference; lastKnownFileType = sourcecode.c.objc; path = GameViewController.m; sourceTree = "<group>"; };
		A6BD1BF61C9B3AE000EC899A /* Base */ = {isa = PBXFileReference; lastKnownFileType = file.storyboard; name = Base; path = Base.lproj/Main.storyboard; sourceTree = "<group>"; };
		A6BD1BF81C9B3AE000EC899A /* Assets.xcassets */ = {isa = PBXFileReference; lastKnownFileType = folder.assetcatalog; name = Assets.xcassets; path = ../objc/Assets.xcassets; sourceTree = "<group>"; };
		A6BD1BFB1C9B3AE000EC899A /* Base */ = {isa = PBXFileReference; lastKnownFileType = file.storyboard; name = Base; path = Base.lproj/LaunchScreen.storyboard; sourceTree = "<group>"; };
		A6BD1BFD1C9B3AE000EC899A /* Info.plist */ = {isa = PBXFileReference; lastKnownFileType = text.plist.xml; name = Info.plist; path = ../Info.plist; sourceTree = "<group>"; };
/* End PBXFileReference section */

/* Begin PBXFrameworksBuildPhase section */
		686B88751C9E27ED00234EC6 /* Frameworks */ = {
			isa = PBXFrameworksBuildPhase;
			buildActionMask = 2147483647;
			files = (
			);
			runOnlyForDeploymentPostprocessing = 0;
		};
		689276CF1CAF523900E3B009 /* Frameworks */ = {
			isa = PBXFrameworksBuildPhase;
			buildActionMask = 2147483647;
			files = (
			);
			runOnlyForDeploymentPostprocessing = 0;
		};
		A6BD1BE61C9B3AE000EC899A /* Frameworks */ = {
			isa = PBXFrameworksBuildPhase;
			buildActionMask = 2147483647;
			files = (
			);
			runOnlyForDeploymentPostprocessing = 0;
		};
/* End PBXFrameworksBuildPhase section */

/* Begin PBXGroup section */
		686B88791C9E27EE00234EC6 /* TicTacToeTests */ = {
			isa = PBXGroup;
			children = (
				686B887A1C9E27EE00234EC6 /* TicTacToeTests.m */,
			);
			path = TicTacToeTests;
			sourceTree = "<group>";
		};
		689276E51CAF524F00E3B009 /* swift */ = {
			isa = PBXGroup;
			children = (
				689276EC1CAF52E300E3B009 /* controller */,
				689276EA1CAF52DB00E3B009 /* model */,
				689276ED1CAF52EA00E3B009 /* support */,
				689276EB1CAF52E000E3B009 /* view */,
			);
			path = swift;
			sourceTree = "<group>";
		};
		689276E61CAF525800E3B009 /* shared */ = {
			isa = PBXGroup;
			children = (
				A6BD1BF81C9B3AE000EC899A /* Assets.xcassets */,
				68C99E581CAF609100CEFDE8 /* TicTacToe-Bridging-Header.h */,
				686B88711C9E21E500234EC6 /* TicTacToeBoard.h */,
				686B88721C9E21E500234EC6 /* TicTacToeBoard.m */,
			);
			path = shared;
			sourceTree = "<group>";
		};
		689276E71CAF526200E3B009 /* model */ = {
			isa = PBXGroup;
			children = (
				6803FAA31C9FA124009EC9D6 /* UIColor+CustomColor.h */,
				6803FAA41C9FA124009EC9D6 /* UIColor+CustomColor.m */,
			);
			path = model;
			sourceTree = "<group>";
		};
		689276E81CAF526600E3B009 /* view */ = {
			isa = PBXGroup;
			children = (
				A6BD1BFA1C9B3AE000EC899A /* LaunchScreen.storyboard */,
				A6BD1BF51C9B3AE000EC899A /* Main.storyboard */,
			);
			path = view;
			sourceTree = "<group>";
		};
		689276E91CAF526A00E3B009 /* controller */ = {
			isa = PBXGroup;
			children = (
				A6BD1BF21C9B3AE000EC899A /* GameViewController.h */,
				A6BD1BF31C9B3AE000EC899A /* GameViewController.m */,
				68DB8DCF1C9F4012003F58D6 /* WebViewController.h */,
				68DB8DD01C9F4012003F58D6 /* WebViewController.m */,
			);
			path = controller;
			sourceTree = "<group>";
		};
		689276EA1CAF52DB00E3B009 /* model */ = {
			isa = PBXGroup;
			children = (
			);
			path = model;
			sourceTree = "<group>";
		};
		689276EB1CAF52E000E3B009 /* view */ = {
			isa = PBXGroup;
			children = (
				689276DD1CAF523900E3B009 /* LaunchScreen.storyboard */,
				689276D81CAF523900E3B009 /* Main.storyboard */,
			);
			path = view;
			sourceTree = "<group>";
		};
		689276EC1CAF52E300E3B009 /* controller */ = {
			isa = PBXGroup;
			children = (
				689276D61CAF523900E3B009 /* GameViewController.swift */,
			);
			path = controller;
			sourceTree = "<group>";
		};
		689276ED1CAF52EA00E3B009 /* support */ = {
			isa = PBXGroup;
			children = (
				689276D41CAF523900E3B009 /* AppDelegate.swift */,
				689276E01CAF523900E3B009 /* Info.plist */,
			);
			path = support;
			sourceTree = "<group>";
		};
		A6BD1BE01C9B3AE000EC899A = {
			isa = PBXGroup;
			children = (
				A6BD1BEA1C9B3AE000EC899A /* Products */,
				689276E61CAF525800E3B009 /* shared */,
				686B88791C9E27EE00234EC6 /* TicTacToeTests */,
				A6BD1BEB1C9B3AE000EC899A /* objc */,
				689276E51CAF524F00E3B009 /* swift */,
			);
			sourceTree = "<group>";
		};
		A6BD1BEA1C9B3AE000EC899A /* Products */ = {
			isa = PBXGroup;
			children = (
				A6BD1BE91C9B3AE000EC899A /* TicTacToe.app */,
				686B88781C9E27ED00234EC6 /* TicTacToeTests.xctest */,
				689276D21CAF523900E3B009 /* TicTacToeSwift.app */,
			);
			name = Products;
			sourceTree = "<group>";
		};
		A6BD1BEB1C9B3AE000EC899A /* objc */ = {
			isa = PBXGroup;
			children = (
				689276E91CAF526A00E3B009 /* controller */,
				689276E71CAF526200E3B009 /* model */,
				A6BD1BEC1C9B3AE000EC899A /* support */,
				689276E81CAF526600E3B009 /* view */,
			);
			path = objc;
			sourceTree = "<group>";
		};
		A6BD1BEC1C9B3AE000EC899A /* support */ = {
			isa = PBXGroup;
			children = (
				A6BD1BFD1C9B3AE000EC899A /* Info.plist */,
				A6BD1BEF1C9B3AE000EC899A /* AppDelegate.h */,
				A6BD1BF01C9B3AE000EC899A /* AppDelegate.m */,
				689276DB1CAF523900E3B009 /* Assets.xcassets */,
				686B887C1C9E27EE00234EC6 /* Info.plist */,
				A6BD1BED1C9B3AE000EC899A /* main.m */,
			);
			path = support;
			sourceTree = "<group>";
		};
/* End PBXGroup section */

/* Begin PBXNativeTarget section */
		686B88771C9E27ED00234EC6 /* TicTacToeTests */ = {
			isa = PBXNativeTarget;
			buildConfigurationList = 686B887F1C9E27EE00234EC6 /* Build configuration list for PBXNativeTarget "TicTacToeTests" */;
			buildPhases = (
				686B88741C9E27ED00234EC6 /* Sources */,
				686B88751C9E27ED00234EC6 /* Frameworks */,
				686B88761C9E27ED00234EC6 /* Resources */,
			);
			buildRules = (
			);
			dependencies = (
				686B887E1C9E27EE00234EC6 /* PBXTargetDependency */,
			);
			name = TicTacToeTests;
			productName = TicTacToeTests;
			productReference = 686B88781C9E27ED00234EC6 /* TicTacToeTests.xctest */;
			productType = "com.apple.product-type.bundle.unit-test";
		};
		689276D11CAF523900E3B009 /* TicTacToeSwift */ = {
			isa = PBXNativeTarget;
			buildConfigurationList = 689276E31CAF523900E3B009 /* Build configuration list for PBXNativeTarget "TicTacToeSwift" */;
			buildPhases = (
				689276CE1CAF523900E3B009 /* Sources */,
				689276CF1CAF523900E3B009 /* Frameworks */,
				689276D01CAF523900E3B009 /* Resources */,
			);
			buildRules = (
			);
			dependencies = (
			);
			name = TicTacToeSwift;
			productName = TicTacToeSwift;
			productReference = 689276D21CAF523900E3B009 /* TicTacToeSwift.app */;
			productType = "com.apple.product-type.application";
		};
		A6BD1BE81C9B3AE000EC899A /* TicTacToe */ = {
			isa = PBXNativeTarget;
			buildConfigurationList = A6BD1C001C9B3AE000EC899A /* Build configuration list for PBXNativeTarget "TicTacToe" */;
			buildPhases = (
				A6BD1BE51C9B3AE000EC899A /* Sources */,
				A6BD1BE61C9B3AE000EC899A /* Frameworks */,
				A6BD1BE71C9B3AE000EC899A /* Resources */,
			);
			buildRules = (
			);
			dependencies = (
			);
			name = TicTacToe;
			productName = TicTacToe;
			productReference = A6BD1BE91C9B3AE000EC899A /* TicTacToe.app */;
			productType = "com.apple.product-type.application";
		};
/* End PBXNativeTarget section */

/* Begin PBXProject section */
		A6BD1BE11C9B3AE000EC899A /* Project object */ = {
			isa = PBXProject;
			attributes = {
				KnownAssetTags = (
					10,
				);
				LastSwiftUpdateCheck = 0730;
				LastUpgradeCheck = 0720;
				ORGANIZATIONNAME = "Id Raja";
				TargetAttributes = {
					686B88771C9E27ED00234EC6 = {
						CreatedOnToolsVersion = 7.2.1;
						TestTargetID = A6BD1BE81C9B3AE000EC899A;
					};
					689276D11CAF523900E3B009 = {
						CreatedOnToolsVersion = 7.3;
					};
					A6BD1BE81C9B3AE000EC899A = {
						CreatedOnToolsVersion = 7.2.1;
						DevelopmentTeam = 66B8D6X2BX;
					};
				};
			};
			buildConfigurationList = A6BD1BE41C9B3AE000EC899A /* Build configuration list for PBXProject "TicTacToe" */;
			compatibilityVersion = "Xcode 3.2";
			developmentRegion = English;
			hasScannedForEncodings = 0;
			knownRegions = (
				en,
				Base,
			);
			mainGroup = A6BD1BE01C9B3AE000EC899A;
			productRefGroup = A6BD1BEA1C9B3AE000EC899A /* Products */;
			projectDirPath = "";
			projectRoot = "";
			targets = (
				A6BD1BE81C9B3AE000EC899A /* TicTacToe */,
				686B88771C9E27ED00234EC6 /* TicTacToeTests */,
				689276D11CAF523900E3B009 /* TicTacToeSwift */,
			);
		};
/* End PBXProject section */

/* Begin PBXResourcesBuildPhase section */
		686B88761C9E27ED00234EC6 /* Resources */ = {
			isa = PBXResourcesBuildPhase;
			buildActionMask = 2147483647;
			files = (
				68C99E5A1CAF63F300CEFDE8 /* Assets.xcassets in Resources */,
			);
			runOnlyForDeploymentPostprocessing = 0;
		};
		689276D01CAF523900E3B009 /* Resources */ = {
			isa = PBXResourcesBuildPhase;
			buildActionMask = 2147483647;
			files = (
				689276DF1CAF523900E3B009 /* LaunchScreen.storyboard in Resources */,
				689276DC1CAF523900E3B009 /* Assets.xcassets in Resources */,
				68C99E591CAF63ED00CEFDE8 /* Assets.xcassets in Resources */,
				689276DA1CAF523900E3B009 /* Main.storyboard in Resources */,
			);
			runOnlyForDeploymentPostprocessing = 0;
		};
		A6BD1BE71C9B3AE000EC899A /* Resources */ = {
			isa = PBXResourcesBuildPhase;
			buildActionMask = 2147483647;
			files = (
				A6BD1BFC1C9B3AE000EC899A /* LaunchScreen.storyboard in Resources */,
				A6BD1BF71C9B3AE000EC899A /* Main.storyboard in Resources */,
			);
			runOnlyForDeploymentPostprocessing = 0;
		};
/* End PBXResourcesBuildPhase section */

/* Begin PBXSourcesBuildPhase section */
		686B88741C9E27ED00234EC6 /* Sources */ = {
			isa = PBXSourcesBuildPhase;
			buildActionMask = 2147483647;
			files = (
				686B887B1C9E27EE00234EC6 /* TicTacToeTests.m in Sources */,
			);
			runOnlyForDeploymentPostprocessing = 0;
		};
		689276CE1CAF523900E3B009 /* Sources */ = {
			isa = PBXSourcesBuildPhase;
			buildActionMask = 2147483647;
			files = (
				689276D71CAF523900E3B009 /* GameViewController.swift in Sources */,
				689276EF1CAF53F100E3B009 /* TicTacToeBoard.m in Sources */,
				689276D51CAF523900E3B009 /* AppDelegate.swift in Sources */,
			);
			runOnlyForDeploymentPostprocessing = 0;
		};
		A6BD1BE51C9B3AE000EC899A /* Sources */ = {
			isa = PBXSourcesBuildPhase;
			buildActionMask = 2147483647;
			files = (
				686B88731C9E21E500234EC6 /* TicTacToeBoard.m in Sources */,
				68DB8DD11C9F4012003F58D6 /* WebViewController.m in Sources */,
				A6BD1BF41C9B3AE000EC899A /* GameViewController.m in Sources */,
				A6BD1BF11C9B3AE000EC899A /* AppDelegate.m in Sources */,
				6803FAA51C9FA124009EC9D6 /* UIColor+CustomColor.m in Sources */,
				A6BD1BEE1C9B3AE000EC899A /* main.m in Sources */,
			);
			runOnlyForDeploymentPostprocessing = 0;
		};
/* End PBXSourcesBuildPhase section */

/* Begin PBXTargetDependency section */
		686B887E1C9E27EE00234EC6 /* PBXTargetDependency */ = {
			isa = PBXTargetDependency;
			target = A6BD1BE81C9B3AE000EC899A /* TicTacToe */;
			targetProxy = 686B887D1C9E27EE00234EC6 /* PBXContainerItemProxy */;
		};
/* End PBXTargetDependency section */

/* Begin PBXVariantGroup section */
		689276D81CAF523900E3B009 /* Main.storyboard */ = {
			isa = PBXVariantGroup;
			children = (
				689276D91CAF523900E3B009 /* Base */,
			);
			name = Main.storyboard;
			path = .;
			sourceTree = "<group>";
		};
		689276DD1CAF523900E3B009 /* LaunchScreen.storyboard */ = {
			isa = PBXVariantGroup;
			children = (
				689276DE1CAF523900E3B009 /* Base */,
			);
			name = LaunchScreen.storyboard;
			path = .;
			sourceTree = "<group>";
		};
		A6BD1BF51C9B3AE000EC899A /* Main.storyboard */ = {
			isa = PBXVariantGroup;
			children = (
				A6BD1BF61C9B3AE000EC899A /* Base */,
			);
			name = Main.storyboard;
			path = .;
			sourceTree = "<group>";
		};
		A6BD1BFA1C9B3AE000EC899A /* LaunchScreen.storyboard */ = {
			isa = PBXVariantGroup;
			children = (
				A6BD1BFB1C9B3AE000EC899A /* Base */,
			);
			name = LaunchScreen.storyboard;
			path = ../.;
			sourceTree = "<group>";
		};
/* End PBXVariantGroup section */

/* Begin XCBuildConfiguration section */
		686B88801C9E27EE00234EC6 /* Debug */ = {
			isa = XCBuildConfiguration;
			buildSettings = {
				BUNDLE_LOADER = "$(TEST_HOST)";
				INFOPLIST_FILE = TicTacToeTests/Info.plist;
				LD_RUNPATH_SEARCH_PATHS = "$(inherited) @executable_path/Frameworks @loader_path/Frameworks";
				PRODUCT_BUNDLE_IDENTIFIER = com.idrisr.TicTacToeTests;
				PRODUCT_NAME = "$(TARGET_NAME)";
				TEST_HOST = "$(BUILT_PRODUCTS_DIR)/TicTacToe.app/TicTacToe";
			};
			name = Debug;
		};
		686B88811C9E27EE00234EC6 /* Release */ = {
			isa = XCBuildConfiguration;
			buildSettings = {
				BUNDLE_LOADER = "$(TEST_HOST)";
				INFOPLIST_FILE = TicTacToeTests/Info.plist;
				LD_RUNPATH_SEARCH_PATHS = "$(inherited) @executable_path/Frameworks @loader_path/Frameworks";
				PRODUCT_BUNDLE_IDENTIFIER = com.idrisr.TicTacToeTests;
				PRODUCT_NAME = "$(TARGET_NAME)";
				TEST_HOST = "$(BUILT_PRODUCTS_DIR)/TicTacToe.app/TicTacToe";
			};
			name = Release;
		};
		689276E11CAF523900E3B009 /* Debug */ = {
			isa = XCBuildConfiguration;
			buildSettings = {
				ASSETCATALOG_COMPILER_APPICON_NAME = AppIcon;
				CLANG_ANALYZER_NONNULL = YES;
				INFOPLIST_FILE = "$(SRCROOT)/swift/support/Info.plist";
				IPHONEOS_DEPLOYMENT_TARGET = 9.3;
				LD_RUNPATH_SEARCH_PATHS = "$(inherited) @executable_path/Frameworks";
				PRODUCT_BUNDLE_IDENTIFIER = com.idrisr.TicTacToeSwift;
				PRODUCT_NAME = "$(TARGET_NAME)";
				SWIFT_OBJC_BRIDGING_HEADER = "shared/TicTacToe-Bridging-Header.h";
				SWIFT_OPTIMIZATION_LEVEL = "-Onone";
			};
			name = Debug;
		};
		689276E21CAF523900E3B009 /* Release */ = {
			isa = XCBuildConfiguration;
			buildSettings = {
				ASSETCATALOG_COMPILER_APPICON_NAME = AppIcon;
				CLANG_ANALYZER_NONNULL = YES;
				INFOPLIST_FILE = "$(SRCROOT)/swift/support/Info.plist";
				IPHONEOS_DEPLOYMENT_TARGET = 9.3;
				LD_RUNPATH_SEARCH_PATHS = "$(inherited) @executable_path/Frameworks";
				PRODUCT_BUNDLE_IDENTIFIER = com.idrisr.TicTacToeSwift;
				PRODUCT_NAME = "$(TARGET_NAME)";
				SWIFT_OBJC_BRIDGING_HEADER = "shared/TicTacToe-Bridging-Header.h";
			};
			name = Release;
		};
		A6BD1BFE1C9B3AE000EC899A /* Debug */ = {
			isa = XCBuildConfiguration;
			buildSettings = {
				ALWAYS_SEARCH_USER_PATHS = NO;
				CLANG_CXX_LANGUAGE_STANDARD = "gnu++0x";
				CLANG_CXX_LIBRARY = "libc++";
				CLANG_ENABLE_MODULES = YES;
				CLANG_ENABLE_OBJC_ARC = YES;
				CLANG_WARN_BOOL_CONVERSION = YES;
				CLANG_WARN_CONSTANT_CONVERSION = YES;
				CLANG_WARN_DIRECT_OBJC_ISA_USAGE = YES_ERROR;
				CLANG_WARN_EMPTY_BODY = YES;
				CLANG_WARN_ENUM_CONVERSION = YES;
				CLANG_WARN_INT_CONVERSION = YES;
				CLANG_WARN_OBJC_ROOT_CLASS = YES_ERROR;
				CLANG_WARN_UNREACHABLE_CODE = YES;
				CLANG_WARN__DUPLICATE_METHOD_MATCH = YES;
				"CODE_SIGN_IDENTITY[sdk=iphoneos*]" = "iPhone Developer";
				COPY_PHASE_STRIP = NO;
				DEBUG_INFORMATION_FORMAT = dwarf;
				ENABLE_STRICT_OBJC_MSGSEND = YES;
				ENABLE_TESTABILITY = YES;
				GCC_C_LANGUAGE_STANDARD = gnu99;
				GCC_DYNAMIC_NO_PIC = NO;
				GCC_NO_COMMON_BLOCKS = YES;
				GCC_OPTIMIZATION_LEVEL = 0;
				GCC_PREPROCESSOR_DEFINITIONS = (
					"DEBUG=1",
					"$(inherited)",
				);
				GCC_WARN_64_TO_32_BIT_CONVERSION = YES;
				GCC_WARN_ABOUT_RETURN_TYPE = YES_ERROR;
				GCC_WARN_UNDECLARED_SELECTOR = YES;
				GCC_WARN_UNINITIALIZED_AUTOS = YES_AGGRESSIVE;
				GCC_WARN_UNUSED_FUNCTION = YES;
				GCC_WARN_UNUSED_VARIABLE = YES;
				IPHONEOS_DEPLOYMENT_TARGET = 9.2;
				MTL_ENABLE_DEBUG_INFO = YES;
				ONLY_ACTIVE_ARCH = YES;
				SDKROOT = iphoneos;
			};
			name = Debug;
		};
		A6BD1BFF1C9B3AE000EC899A /* Release */ = {
			isa = XCBuildConfiguration;
			buildSettings = {
				ALWAYS_SEARCH_USER_PATHS = NO;
				CLANG_CXX_LANGUAGE_STANDARD = "gnu++0x";
				CLANG_CXX_LIBRARY = "libc++";
				CLANG_ENABLE_MODULES = YES;
				CLANG_ENABLE_OBJC_ARC = YES;
				CLANG_WARN_BOOL_CONVERSION = YES;
				CLANG_WARN_CONSTANT_CONVERSION = YES;
				CLANG_WARN_DIRECT_OBJC_ISA_USAGE = YES_ERROR;
				CLANG_WARN_EMPTY_BODY = YES;
				CLANG_WARN_ENUM_CONVERSION = YES;
				CLANG_WARN_INT_CONVERSION = YES;
				CLANG_WARN_OBJC_ROOT_CLASS = YES_ERROR;
				CLANG_WARN_UNREACHABLE_CODE = YES;
				CLANG_WARN__DUPLICATE_METHOD_MATCH = YES;
				"CODE_SIGN_IDENTITY[sdk=iphoneos*]" = "iPhone Developer";
				COPY_PHASE_STRIP = NO;
				DEBUG_INFORMATION_FORMAT = "dwarf-with-dsym";
				ENABLE_NS_ASSERTIONS = NO;
				ENABLE_STRICT_OBJC_MSGSEND = YES;
				GCC_C_LANGUAGE_STANDARD = gnu99;
				GCC_NO_COMMON_BLOCKS = YES;
				GCC_WARN_64_TO_32_BIT_CONVERSION = YES;
				GCC_WARN_ABOUT_RETURN_TYPE = YES_ERROR;
				GCC_WARN_UNDECLARED_SELECTOR = YES;
				GCC_WARN_UNINITIALIZED_AUTOS = YES_AGGRESSIVE;
				GCC_WARN_UNUSED_FUNCTION = YES;
				GCC_WARN_UNUSED_VARIABLE = YES;
				IPHONEOS_DEPLOYMENT_TARGET = 9.2;
				MTL_ENABLE_DEBUG_INFO = NO;
				SDKROOT = iphoneos;
				VALIDATE_PRODUCT = YES;
			};
			name = Release;
		};
		A6BD1C011C9B3AE000EC899A /* Debug */ = {
			isa = XCBuildConfiguration;
			buildSettings = {
				ASSETCATALOG_COMPILER_APPICON_NAME = AppIcon;
				CODE_SIGN_IDENTITY = "iPhone Developer";
				"CODE_SIGN_IDENTITY[sdk=iphoneos*]" = "iPhone Developer";
				INFOPLIST_FILE = objc/Info.plist;
				LD_RUNPATH_SEARCH_PATHS = "$(inherited) @executable_path/Frameworks";
				PRODUCT_BUNDLE_IDENTIFIER = "Practice-1.TicTacToe";
				PRODUCT_NAME = "$(TARGET_NAME)";
				PROVISIONING_PROFILE = "";
			};
			name = Debug;
		};
		A6BD1C021C9B3AE000EC899A /* Release */ = {
			isa = XCBuildConfiguration;
			buildSettings = {
				ASSETCATALOG_COMPILER_APPICON_NAME = AppIcon;
				CODE_SIGN_IDENTITY = "iPhone Developer";
				"CODE_SIGN_IDENTITY[sdk=iphoneos*]" = "iPhone Developer";
				INFOPLIST_FILE = objc/Info.plist;
				LD_RUNPATH_SEARCH_PATHS = "$(inherited) @executable_path/Frameworks";
				PRODUCT_BUNDLE_IDENTIFIER = "Practice-1.TicTacToe";
				PRODUCT_NAME = "$(TARGET_NAME)";
				PROVISIONING_PROFILE = "";
			};
			name = Release;
		};
/* End XCBuildConfiguration section */

/* Begin XCConfigurationList section */
		686B887F1C9E27EE00234EC6 /* Build configuration list for PBXNativeTarget "TicTacToeTests" */ = {
			isa = XCConfigurationList;
			buildConfigurations = (
				686B88801C9E27EE00234EC6 /* Debug */,
				686B88811C9E27EE00234EC6 /* Release */,
			);
			defaultConfigurationIsVisible = 0;
			defaultConfigurationName = Release;
		};
		689276E31CAF523900E3B009 /* Build configuration list for PBXNativeTarget "TicTacToeSwift" */ = {
			isa = XCConfigurationList;
			buildConfigurations = (
				689276E11CAF523900E3B009 /* Debug */,
				689276E21CAF523900E3B009 /* Release */,
			);
			defaultConfigurationIsVisible = 0;
			defaultConfigurationName = Release;
		};
		A6BD1BE41C9B3AE000EC899A /* Build configuration list for PBXProject "TicTacToe" */ = {
			isa = XCConfigurationList;
			buildConfigurations = (
				A6BD1BFE1C9B3AE000EC899A /* Debug */,
				A6BD1BFF1C9B3AE000EC899A /* Release */,
			);
			defaultConfigurationIsVisible = 0;
			defaultConfigurationName = Release;
		};
		A6BD1C001C9B3AE000EC899A /* Build configuration list for PBXNativeTarget "TicTacToe" */ = {
			isa = XCConfigurationList;
			buildConfigurations = (
				A6BD1C011C9B3AE000EC899A /* Debug */,
				A6BD1C021C9B3AE000EC899A /* Release */,
			);
			defaultConfigurationIsVisible = 0;
			defaultConfigurationName = Release;
		};
/* End XCConfigurationList section */
	};
	rootObject = A6BD1BE11C9B3AE000EC899A /* Project object */;
}
